
Microsoft Visual Studio Solution File, Format Version 12.00
# Visual Studio Version 16
VisualStudioVersion = 16.0.30413.136
MinimumVisualStudioVersion = 10.0.40219.1
Project("{FAE04EC0-301F-11D3-BF4B-00C04F79EFBC}") = "ConsertoDeLivro", "ConsertoDeLivro\ConsertoDeLivro.csproj", "{32298080-8782-42B9-A60D-7F5746E2BAF9}"
EndProject
Global
	GlobalSection(SolutionConfigurationPlatforms) = preSolution
		Debug|Any CPU = Debug|Any CPU
		Release|Any CPU = Release|Any CPU
	EndGlobalSection
	GlobalSection(ProjectConfigurationPlatforms) = postSolution
		{32298080-8782-42B9-A60D-7F5746E2BAF9}.Debug|Any CPU.ActiveCfg = Debug|Any CPU
		{32298080-8782-42B9-A60D-7F5746E2BAF9}.Debug|Any CPU.Build.0 = Debug|Any CPU
		{32298080-8782-42B9-A60D-7F5746E2BAF9}.Release|Any CPU.ActiveCfg = Release|Any CPU
		{32298080-8782-42B9-A60D-7F5746E2BAF9}.Release|Any CPU.Build.0 = Release|Any CPU
	EndGlobalSection
	GlobalSection(SolutionProperties) = preSolution
		HideSolutionNode = FALSE
	EndGlobalSection
	GlobalSection(ExtensibilityGlobals) = postSolution
		SolutionGuid = {01D8F6B9-62A8-4116-9AA4-B5FFEB7413E8}
	EndGlobalSection
EndGlobal
